
Microsoft Visual Studio Solution File, Format Version 12.00
# Visual Studio Version 16
VisualStudioVersion = 16.0.29613.14
MinimumVisualStudioVersion = 10.0.40219.1
Project("{9A19103F-16F7-4668-BE54-9A1E7A4F7556}") = "Lab 1", "Lab 1.csproj", "{2AB74403-15BF-4988-AD04-C7B39FFB7DD6}"
EndProject
Project("{9A19103F-16F7-4668-BE54-9A1E7A4F7556}") = "Lab 2", "..\Lab 2\Lab 2.csproj", "{7EFF3640-984A-49C9-9BA2-D413975512B2}"
EndProject
Project("{8BC9CEB8-8B4A-11D0-8D11-00A0C91BC942}") = "Lab2_C++", "..\Lab2_C++\Lab2_C++.vcxproj", "{3DEC797D-9BB2-4936-8247-C3D89E79EF7B}"
EndProject
Project("{9A19103F-16F7-4668-BE54-9A1E7A4F7556}") = "Lab3", "..\Lab3\Lab3.csproj", "{CD294AEC-84D3-4167-AB6A-C31022E965A3}"
EndProject
Project("{9A19103F-16F7-4668-BE54-9A1E7A4F7556}") = "Lab4", "..\Lab4\Lab4.csproj", "{FD8C91C3-58B6-48A3-A91C-9757367C62B6}"
EndProject
Project("{9A19103F-16F7-4668-BE54-9A1E7A4F7556}") = "lab5", "..\lab5\lab5.csproj", "{0AFE93E4-990D-4A87-9AAC-CB7F2D3ACB2C}"
EndProject
Project("{8BC9CEB8-8B4A-11D0-8D11-00A0C91BC942}") = "Lab4_c++", "..\Lab4_c++\Lab4_c++.vcxproj", "{93AA22CB-D0B9-4A3B-8ADE-0EEF9520B2EB}"
EndProject
Project("{8BC9CEB8-8B4A-11D0-8D11-00A0C91BC942}") = "lab5_C++", "..\lab5_C++\lab5_C++.vcxproj", "{E1C4D9B6-F68C-4428-AF39-A50807962D7E}"
EndProject
Project("{9A19103F-16F7-4668-BE54-9A1E7A4F7556}") = "Lab5_2", "..\Lab5_2\Lab5_2.csproj", "{02D7908F-F86F-4645-8395-8E9A0F5545EF}"
EndProject
Project("{8BC9CEB8-8B4A-11D0-8D11-00A0C91BC942}") = "Lab5_2_ C++", "..\Lab5_2_ C++\Lab5_2_ C++.vcxproj", "{A65DED57-84F8-40D6-9F7C-70939730D852}"
EndProject
Project("{9A19103F-16F7-4668-BE54-9A1E7A4F7556}") = "Lab6", "..\Lab6\Lab6.csproj", "{84963452-726D-4C55-951B-0867B2D41E4B}"
EndProject
Project("{8BC9CEB8-8B4A-11D0-8D11-00A0C91BC942}") = "lab6_c++", "..\lab6_c++\lab6_c++.vcxproj", "{F1DFF514-E45F-4845-A2BB-7AC69B10F096}"
EndProject
Project("{FAE04EC0-301F-11D3-BF4B-00C04F79EFBC}") = "lab8_lib", "..\lab8\lab8_lib.csproj", "{6A08E08B-D736-4413-B737-6386FE84D378}"
EndProject
Project("{FAE04EC0-301F-11D3-BF4B-00C04F79EFBC}") = "lab8_console", "..\lab8_console\lab8_console.csproj", "{B500CA63-2FB4-4408-9E54-9C5DC5B141C3}"
EndProject
Project("{8BC9CEB8-8B4A-11D0-8D11-00A0C91BC942}") = "lab8_c++", "..\lab8_c++\lab8_c++.vcxproj", "{354146E0-D6AE-4F54-AE04-A04FE1A2E76A}"
EndProject
Project("{FAE04EC0-301F-11D3-BF4B-00C04F79EFBC}") = "lab8_1", "..\lab8_1\lab8_1.csproj", "{739C293C-87B5-47E5-9235-C0BE9442855F}"
EndProject
Global
	GlobalSection(SolutionConfigurationPlatforms) = preSolution
		Debug|Any CPU = Debug|Any CPU
		Debug|x64 = Debug|x64
		Debug|x86 = Debug|x86
		Release|Any CPU = Release|Any CPU
		Release|x64 = Release|x64
		Release|x86 = Release|x86
	EndGlobalSection
	GlobalSection(ProjectConfigurationPlatforms) = postSolution
		{2AB74403-15BF-4988-AD04-C7B39FFB7DD6}.Debug|Any CPU.ActiveCfg = Debug|Any CPU
		{2AB74403-15BF-4988-AD04-C7B39FFB7DD6}.Debug|Any CPU.Build.0 = Debug|Any CPU
		{2AB74403-15BF-4988-AD04-C7B39FFB7DD6}.Debug|x64.ActiveCfg = Debug|Any CPU
		{2AB74403-15BF-4988-AD04-C7B39FFB7DD6}.Debug|x64.Build.0 = Debug|Any CPU
		{2AB74403-15BF-4988-AD04-C7B39FFB7DD6}.Debug|x86.ActiveCfg = Debug|Any CPU
		{2AB74403-15BF-4988-AD04-C7B39FFB7DD6}.Debug|x86.Build.0 = Debug|Any CPU
		{2AB74403-15BF-4988-AD04-C7B39FFB7DD6}.Release|Any CPU.ActiveCfg = Release|Any CPU
		{2AB74403-15BF-4988-AD04-C7B39FFB7DD6}.Release|Any CPU.Build.0 = Release|Any CPU
		{2AB74403-15BF-4988-AD04-C7B39FFB7DD6}.Release|x64.ActiveCfg = Release|Any CPU
		{2AB74403-15BF-4988-AD04-C7B39FFB7DD6}.Release|x64.Build.0 = Release|Any CPU
		{2AB74403-15BF-4988-AD04-C7B39FFB7DD6}.Release|x86.ActiveCfg = Release|Any CPU
		{2AB74403-15BF-4988-AD04-C7B39FFB7DD6}.Release|x86.Build.0 = Release|Any CPU
		{7EFF3640-984A-49C9-9BA2-D413975512B2}.Debug|Any CPU.ActiveCfg = Debug|Any CPU
		{7EFF3640-984A-49C9-9BA2-D413975512B2}.Debug|Any CPU.Build.0 = Debug|Any CPU
		{7EFF3640-984A-49C9-9BA2-D413975512B2}.Debug|x64.ActiveCfg = Debug|Any CPU
		{7EFF3640-984A-49C9-9BA2-D413975512B2}.Debug|x64.Build.0 = Debug|Any CPU
		{7EFF3640-984A-49C9-9BA2-D413975512B2}.Debug|x86.ActiveCfg = Debug|Any CPU
		{7EFF3640-984A-49C9-9BA2-D413975512B2}.Debug|x86.Build.0 = Debug|Any CPU
		{7EFF3640-984A-49C9-9BA2-D413975512B2}.Release|Any CPU.ActiveCfg = Release|Any CPU
		{7EFF3640-984A-49C9-9BA2-D413975512B2}.Release|Any CPU.Build.0 = Release|Any CPU
		{7EFF3640-984A-49C9-9BA2-D413975512B2}.Release|x64.ActiveCfg = Release|Any CPU
		{7EFF3640-984A-49C9-9BA2-D413975512B2}.Release|x64.Build.0 = Release|Any CPU
		{7EFF3640-984A-49C9-9BA2-D413975512B2}.Release|x86.ActiveCfg = Release|Any CPU
		{7EFF3640-984A-49C9-9BA2-D413975512B2}.Release|x86.Build.0 = Release|Any CPU
		{3DEC797D-9BB2-4936-8247-C3D89E79EF7B}.Debug|Any CPU.ActiveCfg = Debug|Win32
		{3DEC797D-9BB2-4936-8247-C3D89E79EF7B}.Debug|x64.ActiveCfg = Debug|x64
		{3DEC797D-9BB2-4936-8247-C3D89E79EF7B}.Debug|x64.Build.0 = Debug|x64
		{3DEC797D-9BB2-4936-8247-C3D89E79EF7B}.Debug|x86.ActiveCfg = Debug|Win32
		{3DEC797D-9BB2-4936-8247-C3D89E79EF7B}.Debug|x86.Build.0 = Debug|Win32
		{3DEC797D-9BB2-4936-8247-C3D89E79EF7B}.Release|Any CPU.ActiveCfg = Release|Win32
		{3DEC797D-9BB2-4936-8247-C3D89E79EF7B}.Release|x64.ActiveCfg = Release|x64
		{3DEC797D-9BB2-4936-8247-C3D89E79EF7B}.Release|x64.Build.0 = Release|x64
		{3DEC797D-9BB2-4936-8247-C3D89E79EF7B}.Release|x86.ActiveCfg = Release|Win32
		{3DEC797D-9BB2-4936-8247-C3D89E79EF7B}.Release|x86.Build.0 = Release|Win32
		{CD294AEC-84D3-4167-AB6A-C31022E965A3}.Debug|Any CPU.ActiveCfg = Debug|Any CPU
		{CD294AEC-84D3-4167-AB6A-C31022E965A3}.Debug|Any CPU.Build.0 = Debug|Any CPU
		{CD294AEC-84D3-4167-AB6A-C31022E965A3}.Debug|x64.ActiveCfg = Debug|Any CPU
		{CD294AEC-84D3-4167-AB6A-C31022E965A3}.Debug|x64.Build.0 = Debug|Any CPU
		{CD294AEC-84D3-4167-AB6A-C31022E965A3}.Debug|x86.ActiveCfg = Debug|Any CPU
		{CD294AEC-84D3-4167-AB6A-C31022E965A3}.Debug|x86.Build.0 = Debug|Any CPU
		{CD294AEC-84D3-4167-AB6A-C31022E965A3}.Release|Any CPU.ActiveCfg = Release|Any CPU
		{CD294AEC-84D3-4167-AB6A-C31022E965A3}.Release|Any CPU.Build.0 = Release|Any CPU
		{CD294AEC-84D3-4167-AB6A-C31022E965A3}.Release|x64.ActiveCfg = Release|Any CPU
		{CD294AEC-84D3-4167-AB6A-C31022E965A3}.Release|x64.Build.0 = Release|Any CPU
		{CD294AEC-84D3-4167-AB6A-C31022E965A3}.Release|x86.ActiveCfg = Release|Any CPU
		{CD294AEC-84D3-4167-AB6A-C31022E965A3}.Release|x86.Build.0 = Release|Any CPU
		{FD8C91C3-58B6-48A3-A91C-9757367C62B6}.Debug|Any CPU.ActiveCfg = Debug|Any CPU
		{FD8C91C3-58B6-48A3-A91C-9757367C62B6}.Debug|Any CPU.Build.0 = Debug|Any CPU
		{FD8C91C3-58B6-48A3-A91C-9757367C62B6}.Debug|x64.ActiveCfg = Debug|Any CPU
		{FD8C91C3-58B6-48A3-A91C-9757367C62B6}.Debug|x64.Build.0 = Debug|Any CPU
		{FD8C91C3-58B6-48A3-A91C-9757367C62B6}.Debug|x86.ActiveCfg = Debug|Any CPU
		{FD8C91C3-58B6-48A3-A91C-9757367C62B6}.Debug|x86.Build.0 = Debug|Any CPU
		{FD8C91C3-58B6-48A3-A91C-9757367C62B6}.Release|Any CPU.ActiveCfg = Release|Any CPU
		{FD8C91C3-58B6-48A3-A91C-9757367C62B6}.Release|Any CPU.Build.0 = Release|Any CPU
		{FD8C91C3-58B6-48A3-A91C-9757367C62B6}.Release|x64.ActiveCfg = Release|Any CPU
		{FD8C91C3-58B6-48A3-A91C-9757367C62B6}.Release|x64.Build.0 = Release|Any CPU
		{FD8C91C3-58B6-48A3-A91C-9757367C62B6}.Release|x86.ActiveCfg = Release|Any CPU
		{FD8C91C3-58B6-48A3-A91C-9757367C62B6}.Release|x86.Build.0 = Release|Any CPU
		{0AFE93E4-990D-4A87-9AAC-CB7F2D3ACB2C}.Debug|Any CPU.ActiveCfg = Debug|Any CPU
		{0AFE93E4-990D-4A87-9AAC-CB7F2D3ACB2C}.Debug|Any CPU.Build.0 = Debug|Any CPU
		{0AFE93E4-990D-4A87-9AAC-CB7F2D3ACB2C}.Debug|x64.ActiveCfg = Debug|Any CPU
		{0AFE93E4-990D-4A87-9AAC-CB7F2D3ACB2C}.Debug|x64.Build.0 = Debug|Any CPU
		{0AFE93E4-990D-4A87-9AAC-CB7F2D3ACB2C}.Debug|x86.ActiveCfg = Debug|Any CPU
		{0AFE93E4-990D-4A87-9AAC-CB7F2D3ACB2C}.Debug|x86.Build.0 = Debug|Any CPU
		{0AFE93E4-990D-4A87-9AAC-CB7F2D3ACB2C}.Release|Any CPU.ActiveCfg = Release|Any CPU
		{0AFE93E4-990D-4A87-9AAC-CB7F2D3ACB2C}.Release|Any CPU.Build.0 = Release|Any CPU
		{0AFE93E4-990D-4A87-9AAC-CB7F2D3ACB2C}.Release|x64.ActiveCfg = Release|Any CPU
		{0AFE93E4-990D-4A87-9AAC-CB7F2D3ACB2C}.Release|x64.Build.0 = Release|Any CPU
		{0AFE93E4-990D-4A87-9AAC-CB7F2D3ACB2C}.Release|x86.ActiveCfg = Release|Any CPU
		{0AFE93E4-990D-4A87-9AAC-CB7F2D3ACB2C}.Release|x86.Build.0 = Release|Any CPU
		{93AA22CB-D0B9-4A3B-8ADE-0EEF9520B2EB}.Debug|Any CPU.ActiveCfg = Debug|Win32
		{93AA22CB-D0B9-4A3B-8ADE-0EEF9520B2EB}.Debug|x64.ActiveCfg = Debug|x64
		{93AA22CB-D0B9-4A3B-8ADE-0EEF9520B2EB}.Debug|x64.Build.0 = Debug|x64
		{93AA22CB-D0B9-4A3B-8ADE-0EEF9520B2EB}.Debug|x86.ActiveCfg = Debug|Win32
		{93AA22CB-D0B9-4A3B-8ADE-0EEF9520B2EB}.Debug|x86.Build.0 = Debug|Win32
		{93AA22CB-D0B9-4A3B-8ADE-0EEF9520B2EB}.Release|Any CPU.ActiveCfg = Release|Win32
		{93AA22CB-D0B9-4A3B-8ADE-0EEF9520B2EB}.Release|x64.ActiveCfg = Release|x64
		{93AA22CB-D0B9-4A3B-8ADE-0EEF9520B2EB}.Release|x64.Build.0 = Release|x64
		{93AA22CB-D0B9-4A3B-8ADE-0EEF9520B2EB}.Release|x86.ActiveCfg = Release|Win32
		{93AA22CB-D0B9-4A3B-8ADE-0EEF9520B2EB}.Release|x86.Build.0 = Release|Win32
		{E1C4D9B6-F68C-4428-AF39-A50807962D7E}.Debug|Any CPU.ActiveCfg = Debug|Win32
		{E1C4D9B6-F68C-4428-AF39-A50807962D7E}.Debug|x64.ActiveCfg = Debug|x64
		{E1C4D9B6-F68C-4428-AF39-A50807962D7E}.Debug|x64.Build.0 = Debug|x64
		{E1C4D9B6-F68C-4428-AF39-A50807962D7E}.Debug|x86.ActiveCfg = Debug|Win32
		{E1C4D9B6-F68C-4428-AF39-A50807962D7E}.Debug|x86.Build.0 = Debug|Win32
		{E1C4D9B6-F68C-4428-AF39-A50807962D7E}.Release|Any CPU.ActiveCfg = Release|Win32
		{E1C4D9B6-F68C-4428-AF39-A50807962D7E}.Release|x64.ActiveCfg = Release|x64
		{E1C4D9B6-F68C-4428-AF39-A50807962D7E}.Release|x64.Build.0 = Release|x64
		{E1C4D9B6-F68C-4428-AF39-A50807962D7E}.Release|x86.ActiveCfg = Release|Win32
		{E1C4D9B6-F68C-4428-AF39-A50807962D7E}.Release|x86.Build.0 = Release|Win32
		{02D7908F-F86F-4645-8395-8E9A0F5545EF}.Debug|Any CPU.ActiveCfg = Debug|Any CPU
		{02D7908F-F86F-4645-8395-8E9A0F5545EF}.Debug|Any CPU.Build.0 = Debug|Any CPU
		{02D7908F-F86F-4645-8395-8E9A0F5545EF}.Debug|x64.ActiveCfg = Debug|Any CPU
		{02D7908F-F86F-4645-8395-8E9A0F5545EF}.Debug|x64.Build.0 = Debug|Any CPU
		{02D7908F-F86F-4645-8395-8E9A0F5545EF}.Debug|x86.ActiveCfg = Debug|Any CPU
		{02D7908F-F86F-4645-8395-8E9A0F5545EF}.Debug|x86.Build.0 = Debug|Any CPU
		{02D7908F-F86F-4645-8395-8E9A0F5545EF}.Release|Any CPU.ActiveCfg = Release|Any CPU
		{02D7908F-F86F-4645-8395-8E9A0F5545EF}.Release|Any CPU.Build.0 = Release|Any CPU
		{02D7908F-F86F-4645-8395-8E9A0F5545EF}.Release|x64.ActiveCfg = Release|Any CPU
		{02D7908F-F86F-4645-8395-8E9A0F5545EF}.Release|x64.Build.0 = Release|Any CPU
		{02D7908F-F86F-4645-8395-8E9A0F5545EF}.Release|x86.ActiveCfg = Release|Any CPU
		{02D7908F-F86F-4645-8395-8E9A0F5545EF}.Release|x86.Build.0 = Release|Any CPU
		{A65DED57-84F8-40D6-9F7C-70939730D852}.Debug|Any CPU.ActiveCfg = Debug|Win32
		{A65DED57-84F8-40D6-9F7C-70939730D852}.Debug|x64.ActiveCfg = Debug|x64
		{A65DED57-84F8-40D6-9F7C-70939730D852}.Debug|x64.Build.0 = Debug|x64
		{A65DED57-84F8-40D6-9F7C-70939730D852}.Debug|x86.ActiveCfg = Debug|Win32
		{A65DED57-84F8-40D6-9F7C-70939730D852}.Debug|x86.Build.0 = Debug|Win32
		{A65DED57-84F8-40D6-9F7C-70939730D852}.Release|Any CPU.ActiveCfg = Release|Win32
		{A65DED57-84F8-40D6-9F7C-70939730D852}.Release|x64.ActiveCfg = Release|x64
		{A65DED57-84F8-40D6-9F7C-70939730D852}.Release|x64.Build.0 = Release|x64
		{A65DED57-84F8-40D6-9F7C-70939730D852}.Release|x86.ActiveCfg = Release|Win32
		{A65DED57-84F8-40D6-9F7C-70939730D852}.Release|x86.Build.0 = Release|Win32
		{84963452-726D-4C55-951B-0867B2D41E4B}.Debug|Any CPU.ActiveCfg = Debug|Any CPU
		{84963452-726D-4C55-951B-0867B2D41E4B}.Debug|Any CPU.Build.0 = Debug|Any CPU
		{84963452-726D-4C55-951B-0867B2D41E4B}.Debug|x64.ActiveCfg = Debug|Any CPU
		{84963452-726D-4C55-951B-0867B2D41E4B}.Debug|x64.Build.0 = Debug|Any CPU
		{84963452-726D-4C55-951B-0867B2D41E4B}.Debug|x86.ActiveCfg = Debug|Any CPU
		{84963452-726D-4C55-951B-0867B2D41E4B}.Debug|x86.Build.0 = Debug|Any CPU
		{84963452-726D-4C55-951B-0867B2D41E4B}.Release|Any CPU.ActiveCfg = Release|Any CPU
		{84963452-726D-4C55-951B-0867B2D41E4B}.Release|Any CPU.Build.0 = Release|Any CPU
		{84963452-726D-4C55-951B-0867B2D41E4B}.Release|x64.ActiveCfg = Release|Any CPU
		{84963452-726D-4C55-951B-0867B2D41E4B}.Release|x64.Build.0 = Release|Any CPU
		{84963452-726D-4C55-951B-0867B2D41E4B}.Release|x86.ActiveCfg = Release|Any CPU
		{84963452-726D-4C55-951B-0867B2D41E4B}.Release|x86.Build.0 = Release|Any CPU
		{F1DFF514-E45F-4845-A2BB-7AC69B10F096}.Debug|Any CPU.ActiveCfg = Debug|Win32
		{F1DFF514-E45F-4845-A2BB-7AC69B10F096}.Debug|x64.ActiveCfg = Debug|x64
		{F1DFF514-E45F-4845-A2BB-7AC69B10F096}.Debug|x64.Build.0 = Debug|x64
		{F1DFF514-E45F-4845-A2BB-7AC69B10F096}.Debug|x86.ActiveCfg = Debug|Win32
		{F1DFF514-E45F-4845-A2BB-7AC69B10F096}.Debug|x86.Build.0 = Debug|Win32
		{F1DFF514-E45F-4845-A2BB-7AC69B10F096}.Release|Any CPU.ActiveCfg = Release|Win32
		{F1DFF514-E45F-4845-A2BB-7AC69B10F096}.Release|x64.ActiveCfg = Release|x64
		{F1DFF514-E45F-4845-A2BB-7AC69B10F096}.Release|x64.Build.0 = Release|x64
		{F1DFF514-E45F-4845-A2BB-7AC69B10F096}.Release|x86.ActiveCfg = Release|Win32
		{F1DFF514-E45F-4845-A2BB-7AC69B10F096}.Release|x86.Build.0 = Release|Win32
		{6A08E08B-D736-4413-B737-6386FE84D378}.Debug|Any CPU.ActiveCfg = Debug|Any CPU
		{6A08E08B-D736-4413-B737-6386FE84D378}.Debug|Any CPU.Build.0 = Debug|Any CPU
		{6A08E08B-D736-4413-B737-6386FE84D378}.Debug|x64.ActiveCfg = Debug|Any CPU
		{6A08E08B-D736-4413-B737-6386FE84D378}.Debug|x64.Build.0 = Debug|Any CPU
		{6A08E08B-D736-4413-B737-6386FE84D378}.Debug|x86.ActiveCfg = Debug|Any CPU
		{6A08E08B-D736-4413-B737-6386FE84D378}.Debug|x86.Build.0 = Debug|Any CPU
		{6A08E08B-D736-4413-B737-6386FE84D378}.Release|Any CPU.ActiveCfg = Release|Any CPU
		{6A08E08B-D736-4413-B737-6386FE84D378}.Release|Any CPU.Build.0 = Release|Any CPU
		{6A08E08B-D736-4413-B737-6386FE84D378}.Release|x64.ActiveCfg = Release|Any CPU
		{6A08E08B-D736-4413-B737-6386FE84D378}.Release|x64.Build.0 = Release|Any CPU
		{6A08E08B-D736-4413-B737-6386FE84D378}.Release|x86.ActiveCfg = Release|Any CPU
		{6A08E08B-D736-4413-B737-6386FE84D378}.Release|x86.Build.0 = Release|Any CPU
		{B500CA63-2FB4-4408-9E54-9C5DC5B141C3}.Debug|Any CPU.ActiveCfg = Debug|Any CPU
		{B500CA63-2FB4-4408-9E54-9C5DC5B141C3}.Debug|Any CPU.Build.0 = Debug|Any CPU
		{B500CA63-2FB4-4408-9E54-9C5DC5B141C3}.Debug|x64.ActiveCfg = Debug|Any CPU
		{B500CA63-2FB4-4408-9E54-9C5DC5B141C3}.Debug|x64.Build.0 = Debug|Any CPU
		{B500CA63-2FB4-4408-9E54-9C5DC5B141C3}.Debug|x86.ActiveCfg = Debug|Any CPU
		{B500CA63-2FB4-4408-9E54-9C5DC5B141C3}.Debug|x86.Build.0 = Debug|Any CPU
		{B500CA63-2FB4-4408-9E54-9C5DC5B141C3}.Release|Any CPU.ActiveCfg = Release|Any CPU
		{B500CA63-2FB4-4408-9E54-9C5DC5B141C3}.Release|Any CPU.Build.0 = Release|Any CPU
		{B500CA63-2FB4-4408-9E54-9C5DC5B141C3}.Release|x64.ActiveCfg = Release|Any CPU
		{B500CA63-2FB4-4408-9E54-9C5DC5B141C3}.Release|x64.Build.0 = Release|Any CPU
		{B500CA63-2FB4-4408-9E54-9C5DC5B141C3}.Release|x86.ActiveCfg = Release|Any CPU
		{B500CA63-2FB4-4408-9E54-9C5DC5B141C3}.Release|x86.Build.0 = Release|Any CPU
		{354146E0-D6AE-4F54-AE04-A04FE1A2E76A}.Debug|Any CPU.ActiveCfg = Debug|Win32
		{354146E0-D6AE-4F54-AE04-A04FE1A2E76A}.Debug|x64.ActiveCfg = Debug|x64
		{354146E0-D6AE-4F54-AE04-A04FE1A2E76A}.Debug|x64.Build.0 = Debug|x64
		{354146E0-D6AE-4F54-AE04-A04FE1A2E76A}.Debug|x86.ActiveCfg = Debug|Win32
		{354146E0-D6AE-4F54-AE04-A04FE1A2E76A}.Debug|x86.Build.0 = Debug|Win32
		{354146E0-D6AE-4F54-AE04-A04FE1A2E76A}.Release|Any CPU.ActiveCfg = Release|Win32
		{354146E0-D6AE-4F54-AE04-A04FE1A2E76A}.Release|x64.ActiveCfg = Release|x64
		{354146E0-D6AE-4F54-AE04-A04FE1A2E76A}.Release|x64.Build.0 = Release|x64
		{354146E0-D6AE-4F54-AE04-A04FE1A2E76A}.Release|x86.ActiveCfg = Release|Win32
		{354146E0-D6AE-4F54-AE04-A04FE1A2E76A}.Release|x86.Build.0 = Release|Win32
		{739C293C-87B5-47E5-9235-C0BE9442855F}.Debug|Any CPU.ActiveCfg = Debug|Any CPU
		{739C293C-87B5-47E5-9235-C0BE9442855F}.Debug|Any CPU.Build.0 = Debug|Any CPU
		{739C293C-87B5-47E5-9235-C0BE9442855F}.Debug|x64.ActiveCfg = Debug|Any CPU
		{739C293C-87B5-47E5-9235-C0BE9442855F}.Debug|x64.Build.0 = Debug|Any CPU
		{739C293C-87B5-47E5-9235-C0BE9442855F}.Debug|x86.ActiveCfg = Debug|Any CPU
		{739C293C-87B5-47E5-9235-C0BE9442855F}.Debug|x86.Build.0 = Debug|Any CPU
		{739C293C-87B5-47E5-9235-C0BE9442855F}.Release|Any CPU.ActiveCfg = Release|Any CPU
		{739C293C-87B5-47E5-9235-C0BE9442855F}.Release|Any CPU.Build.0 = Release|Any CPU
		{739C293C-87B5-47E5-9235-C0BE9442855F}.Release|x64.ActiveCfg = Release|Any CPU
		{739C293C-87B5-47E5-9235-C0BE9442855F}.Release|x64.Build.0 = Release|Any CPU
		{739C293C-87B5-47E5-9235-C0BE9442855F}.Release|x86.ActiveCfg = Release|Any CPU
		{739C293C-87B5-47E5-9235-C0BE9442855F}.Release|x86.Build.0 = Release|Any CPU
	EndGlobalSection
	GlobalSection(SolutionProperties) = preSolution
		HideSolutionNode = FALSE
	EndGlobalSection
	GlobalSection(ExtensibilityGlobals) = postSolution
		SolutionGuid = {C9008175-B400-44AE-B4C9-EE0570727250}
	EndGlobalSection
EndGlobal
