
Microsoft Visual Studio Solution File, Format Version 12.00
# Visual Studio Version 16
VisualStudioVersion = 16.0.29613.14
MinimumVisualStudioVersion = 10.0.40219.1
Project("{9A19103F-16F7-4668-BE54-9A1E7A4F7556}") = "Lab 1", "Lab 1.csproj", "{2AB74403-15BF-4988-AD04-C7B39FFB7DD6}"
EndProject
Project("{FAE04EC0-301F-11D3-BF4B-00C04F79EFBC}") = "Lab 2", "..\Lab 2\Lab 2.csproj", "{7EFF3640-984A-49C9-9BA2-D413975512B2}"
EndProject
Global
	GlobalSection(SolutionConfigurationPlatforms) = preSolution
		Debug|Any CPU = Debug|Any CPU
		Release|Any CPU = Release|Any CPU
	EndGlobalSection
	GlobalSection(ProjectConfigurationPlatforms) = postSolution
		{2AB74403-15BF-4988-AD04-C7B39FFB7DD6}.Debug|Any CPU.ActiveCfg = Debug|Any CPU
		{2AB74403-15BF-4988-AD04-C7B39FFB7DD6}.Debug|Any CPU.Build.0 = Debug|Any CPU
		{2AB74403-15BF-4988-AD04-C7B39FFB7DD6}.Release|Any CPU.ActiveCfg = Release|Any CPU
		{2AB74403-15BF-4988-AD04-C7B39FFB7DD6}.Release|Any CPU.Build.0 = Release|Any CPU
		{7EFF3640-984A-49C9-9BA2-D413975512B2}.Debug|Any CPU.ActiveCfg = Debug|Any CPU
		{7EFF3640-984A-49C9-9BA2-D413975512B2}.Debug|Any CPU.Build.0 = Debug|Any CPU
		{7EFF3640-984A-49C9-9BA2-D413975512B2}.Release|Any CPU.ActiveCfg = Release|Any CPU
		{7EFF3640-984A-49C9-9BA2-D413975512B2}.Release|Any CPU.Build.0 = Release|Any CPU
	EndGlobalSection
	GlobalSection(SolutionProperties) = preSolution
		HideSolutionNode = FALSE
	EndGlobalSection
	GlobalSection(ExtensibilityGlobals) = postSolution
		SolutionGuid = {C9008175-B400-44AE-B4C9-EE0570727250}
	EndGlobalSection
EndGlobal
